
Microsoft Visual Studio Solution File, Format Version 12.00
# Visual Studio Version 16
VisualStudioVersion = 16.0.29209.62
MinimumVisualStudioVersion = 10.0.40219.1
Project("{FAE04EC0-301F-11D3-BF4B-00C04F79EFBC}") = "TCP_ChatForm", "TCP_ChatForm\TCP_ChatForm.csproj", "{32D6D43C-DD92-4956-8558-F0FB6E4CCD23}"
EndProject
Global
	GlobalSection(SolutionConfigurationPlatforms) = preSolution
		Debug|Any CPU = Debug|Any CPU
		Release|Any CPU = Release|Any CPU
	EndGlobalSection
	GlobalSection(ProjectConfigurationPlatforms) = postSolution
		{32D6D43C-DD92-4956-8558-F0FB6E4CCD23}.Debug|Any CPU.ActiveCfg = Debug|Any CPU
		{32D6D43C-DD92-4956-8558-F0FB6E4CCD23}.Debug|Any CPU.Build.0 = Debug|Any CPU
		{32D6D43C-DD92-4956-8558-F0FB6E4CCD23}.Release|Any CPU.ActiveCfg = Release|Any CPU
		{32D6D43C-DD92-4956-8558-F0FB6E4CCD23}.Release|Any CPU.Build.0 = Release|Any CPU
	EndGlobalSection
	GlobalSection(SolutionProperties) = preSolution
		HideSolutionNode = FALSE
	EndGlobalSection
	GlobalSection(ExtensibilityGlobals) = postSolution
		SolutionGuid = {B0896C6D-431E-4B2C-B4AE-17D725117EEC}
	EndGlobalSection
EndGlobal
