
Microsoft Visual Studio Solution File, Format Version 12.00
# Visual Studio Version 16
VisualStudioVersion = 16.0.29209.62
MinimumVisualStudioVersion = 10.0.40219.1
Project("{FAE04EC0-301F-11D3-BF4B-00C04F79EFBC}") = "Console_UDP_S", "Console_UDP_S\Console_UDP_S.csproj", "{5541C9E6-710D-49EB-AF6D-2B3B80CCEE82}"
EndProject
Global
	GlobalSection(SolutionConfigurationPlatforms) = preSolution
		Debug|Any CPU = Debug|Any CPU
		Release|Any CPU = Release|Any CPU
	EndGlobalSection
	GlobalSection(ProjectConfigurationPlatforms) = postSolution
		{5541C9E6-710D-49EB-AF6D-2B3B80CCEE82}.Debug|Any CPU.ActiveCfg = Debug|Any CPU
		{5541C9E6-710D-49EB-AF6D-2B3B80CCEE82}.Debug|Any CPU.Build.0 = Debug|Any CPU
		{5541C9E6-710D-49EB-AF6D-2B3B80CCEE82}.Release|Any CPU.ActiveCfg = Release|Any CPU
		{5541C9E6-710D-49EB-AF6D-2B3B80CCEE82}.Release|Any CPU.Build.0 = Release|Any CPU
	EndGlobalSection
	GlobalSection(SolutionProperties) = preSolution
		HideSolutionNode = FALSE
	EndGlobalSection
	GlobalSection(ExtensibilityGlobals) = postSolution
		SolutionGuid = {66F1F069-923C-498B-8A21-5E38D23D3EAE}
	EndGlobalSection
EndGlobal
